{
  "originHash" : "7b33d04c3409747129570fde3040b57be81076719869cae04615ff075529cc38",
  "pins" : [
    {
      "identity" : "feedkit",
      "kind" : "remoteSourceControl",
      "location" : "https://github.com/nmdias/FeedKit",
      "state" : {
        "revision" : "68493a33d862c33c9a9f67ec729b3b7df1b20ade",
        "version" : "9.1.2"
      }
    },
    {
      "identity" : "posthog-ios",
      "kind" : "remoteSourceControl",
      "location" : "https://github.com/PostHog/posthog-ios.git",
      "state" : {
        "revision" : "22f1a379b32838d9db484d873d6a8b5d39e50e27",
        "version" : "3.19.2"
      }
    }
  ],
  "version" : 3
}
