// !$*UTF8*$!
{
	archiveVersion = 1;
	classes = {
	};
	objectVersion = 55;
	objects = {

/* Begin PBXBuildFile section */
		18FE85792868B0B0DC69895D /* PhotoLibrarySaver.swift in Sources */ = {isa = PBXBuildFile; fileRef = 58E9C135B0225D14119A2ED8 /* PhotoLibrarySaver.swift */; };
		1B94CECCE34AFA0E5B0FD7BE /* PhotosView.swift in Sources */ = {isa = PBXBuildFile; fileRef = ACEA9ADB460083ACCAF008FC /* PhotosView.swift */; };
		4BC2BE356CA8DAD7E98110F8 /* Preview Assets.xcassets in Resources */ = {isa = PBXBuildFile; fileRef = 12B9F40D72D2D91A1FFF1458 /* Preview Assets.xcassets */; };
		4BD0B433085B63AC394A5D6F /* TuistAssets+JourneyBook.swift in Sources */ = {isa = PBXBuildFile; fileRef = F86F29311FBA5858445A02D3 /* TuistAssets+JourneyBook.swift */; };
		79374EAEC53D5116091420F4 /* Assets.xcassets in Resources */ = {isa = PBXBuildFile; fileRef = 283B1EA48214AC61112B27E9 /* Assets.xcassets */; };
		9F2A7726E92F163B2E19052B /* TuistBundle+JourneyBook.swift in Sources */ = {isa = PBXBuildFile; fileRef = 997CB1C6E084C6614B139992 /* TuistBundle+JourneyBook.swift */; };
		CCF070CF4CDFE6A7D29893BA /* ProjectP301Tests.swift in Sources */ = {isa = PBXBuildFile; fileRef = DE7B27684F808D27D8FB52FC /* ProjectP301Tests.swift */; };
		E5FBF2FED2FB6D838C38D573 /* ProjectP301App.swift in Sources */ = {isa = PBXBuildFile; fileRef = 75845F16A3F563F4FAA3B806 /* ProjectP301App.swift */; };
/* End PBXBuildFile section */

/* Begin PBXContainerItemProxy section */
		0ADB0B2DBDA530AE1AF8EF90 /* PBXContainerItemProxy */ = {
			isa = PBXContainerItemProxy;
			containerPortal = BDFB96508152C27FF6AE4EFF /* Project object */;
			proxyType = 1;
			remoteGlobalIDString = CC3CBB4AC39F78A1DACAE1D0;
			remoteInfo = JourneyBook;
		};
/* End PBXContainerItemProxy section */

/* Begin PBXCopyFilesBuildPhase section */
		580114B6C8B0A79811BD2970 /* Embed Frameworks */ = {
			isa = PBXCopyFilesBuildPhase;
			buildActionMask = 2147483647;
			dstPath = "";
			dstSubfolderSpec = 10;
			files = (
			);
			name = "Embed Frameworks";
			runOnlyForDeploymentPostprocessing = 0;
		};
		C5407CBE094DB2CE6620D697 /* Embed Frameworks */ = {
			isa = PBXCopyFilesBuildPhase;
			buildActionMask = 2147483647;
			dstPath = "";
			dstSubfolderSpec = 10;
			files = (
			);
			name = "Embed Frameworks";
			runOnlyForDeploymentPostprocessing = 0;
		};
/* End PBXCopyFilesBuildPhase section */

/* Begin PBXFileReference section */
		12B9F40D72D2D91A1FFF1458 /* Preview Assets.xcassets */ = {isa = PBXFileReference; lastKnownFileType = folder.assetcatalog; path = "Preview Assets.xcassets"; sourceTree = "<group>"; };
		1A6A547965874E1989E95603 /* JourneyBook-Info.plist */ = {isa = PBXFileReference; lastKnownFileType = text.plist; path = "JourneyBook-Info.plist"; sourceTree = "<group>"; };
		283B1EA48214AC61112B27E9 /* Assets.xcassets */ = {isa = PBXFileReference; lastKnownFileType = folder.assetcatalog; path = Assets.xcassets; sourceTree = "<group>"; };
		58E9C135B0225D14119A2ED8 /* PhotoLibrarySaver.swift */ = {isa = PBXFileReference; lastKnownFileType = sourcecode.swift; path = PhotoLibrarySaver.swift; sourceTree = "<group>"; };
		6B08E2868827EAB403D6ACC3 /* JourneyBookTests-Info.plist */ = {isa = PBXFileReference; lastKnownFileType = text.plist; path = "JourneyBookTests-Info.plist"; sourceTree = "<group>"; };
		75845F16A3F563F4FAA3B806 /* ProjectP301App.swift */ = {isa = PBXFileReference; lastKnownFileType = sourcecode.swift; path = ProjectP301App.swift; sourceTree = "<group>"; };
		958043806ED70D39A48C6759 /* JourneyBook.app */ = {isa = PBXFileReference; explicitFileType = wrapper.application; includeInIndex = 0; path = JourneyBook.app; sourceTree = BUILT_PRODUCTS_DIR; };
		997CB1C6E084C6614B139992 /* TuistBundle+JourneyBook.swift */ = {isa = PBXFileReference; lastKnownFileType = sourcecode.swift; path = "TuistBundle+JourneyBook.swift"; sourceTree = "<group>"; };
		ACEA9ADB460083ACCAF008FC /* PhotosView.swift */ = {isa = PBXFileReference; lastKnownFileType = sourcecode.swift; path = PhotosView.swift; sourceTree = "<group>"; };
		DE7B27684F808D27D8FB52FC /* ProjectP301Tests.swift */ = {isa = PBXFileReference; lastKnownFileType = sourcecode.swift; path = ProjectP301Tests.swift; sourceTree = "<group>"; };
		F86F29311FBA5858445A02D3 /* TuistAssets+JourneyBook.swift */ = {isa = PBXFileReference; lastKnownFileType = sourcecode.swift; path = "TuistAssets+JourneyBook.swift"; sourceTree = "<group>"; };
		FAFA2FCC87F97F3BD636516F /* JourneyBookTests.xctest */ = {isa = PBXFileReference; explicitFileType = wrapper.cfbundle; includeInIndex = 0; path = JourneyBookTests.xctest; sourceTree = BUILT_PRODUCTS_DIR; };
/* End PBXFileReference section */

/* Begin PBXFrameworksBuildPhase section */
		54D45ECB6869179A7E164D08 /* Frameworks */ = {
			isa = PBXFrameworksBuildPhase;
			buildActionMask = 2147483647;
			files = (
			);
			runOnlyForDeploymentPostprocessing = 0;
		};
		FF3E8AC050CF8926198FD1A8 /* Frameworks */ = {
			isa = PBXFrameworksBuildPhase;
			buildActionMask = 2147483647;
			files = (
			);
			runOnlyForDeploymentPostprocessing = 0;
		};
/* End PBXFrameworksBuildPhase section */

/* Begin PBXGroup section */
		15C1AE21B6FA2C281940BBDD /* Sources */ = {
			isa = PBXGroup;
			children = (
				F86F29311FBA5858445A02D3 /* TuistAssets+JourneyBook.swift */,
				997CB1C6E084C6614B139992 /* TuistBundle+JourneyBook.swift */,
			);
			path = Sources;
			sourceTree = "<group>";
		};
		22310406610F5DDAB7100B98 /* JourneyBook */ = {
			isa = PBXGroup;
			children = (
				A3DE76DD7645C63883D1964D /* Resources */,
				DC7938503A5AD698DA7826E0 /* Sources */,
				CCDA9CA1F81DBDDA4FF9DC09 /* Tests */,
			);
			path = JourneyBook;
			sourceTree = "<group>";
		};
		7581F3A2818634E996CFFBBF = {
			isa = PBXGroup;
			children = (
				9D2A9DA4500C0C6E18F824F4 /* Project */,
				D457800E042EF33C62670B99 /* Products */,
			);
			sourceTree = "<group>";
		};
		8CAB49C0C812521683D54980 /* Derived */ = {
			isa = PBXGroup;
			children = (
				E15B109399CAEBC0C9B12C81 /* InfoPlists */,
				15C1AE21B6FA2C281940BBDD /* Sources */,
			);
			path = Derived;
			sourceTree = "<group>";
		};
		9D2A9DA4500C0C6E18F824F4 /* Project */ = {
			isa = PBXGroup;
			children = (
				8CAB49C0C812521683D54980 /* Derived */,
				22310406610F5DDAB7100B98 /* JourneyBook */,
			);
			name = Project;
			sourceTree = "<group>";
		};
		A3DE76DD7645C63883D1964D /* Resources */ = {
			isa = PBXGroup;
			children = (
				DE5DC80F64C843CDA308F365 /* Preview Content */,
				283B1EA48214AC61112B27E9 /* Assets.xcassets */,
			);
			path = Resources;
			sourceTree = "<group>";
		};
		CCDA9CA1F81DBDDA4FF9DC09 /* Tests */ = {
			isa = PBXGroup;
			children = (
				DE7B27684F808D27D8FB52FC /* ProjectP301Tests.swift */,
			);
			path = Tests;
			sourceTree = "<group>";
		};
		D457800E042EF33C62670B99 /* Products */ = {
			isa = PBXGroup;
			children = (
				958043806ED70D39A48C6759 /* JourneyBook.app */,
				FAFA2FCC87F97F3BD636516F /* JourneyBookTests.xctest */,
			);
			name = Products;
			sourceTree = "<group>";
		};
		DC7938503A5AD698DA7826E0 /* Sources */ = {
			isa = PBXGroup;
			children = (
				58E9C135B0225D14119A2ED8 /* PhotoLibrarySaver.swift */,
				ACEA9ADB460083ACCAF008FC /* PhotosView.swift */,
				75845F16A3F563F4FAA3B806 /* ProjectP301App.swift */,
			);
			path = Sources;
			sourceTree = "<group>";
		};
		DE5DC80F64C843CDA308F365 /* Preview Content */ = {
			isa = PBXGroup;
			children = (
				12B9F40D72D2D91A1FFF1458 /* Preview Assets.xcassets */,
			);
			path = "Preview Content";
			sourceTree = "<group>";
		};
		E15B109399CAEBC0C9B12C81 /* InfoPlists */ = {
			isa = PBXGroup;
			children = (
				1A6A547965874E1989E95603 /* JourneyBook-Info.plist */,
				6B08E2868827EAB403D6ACC3 /* JourneyBookTests-Info.plist */,
			);
			path = InfoPlists;
			sourceTree = "<group>";
		};
/* End PBXGroup section */

/* Begin PBXNativeTarget section */
		2139D7F25BC9A92AD8137534 /* JourneyBookTests */ = {
			isa = PBXNativeTarget;
			buildConfigurationList = 0C33D5F35432B53E8DDC89E5 /* Build configuration list for PBXNativeTarget "JourneyBookTests" */;
			buildPhases = (
				515C9C841AB07576E20548F0 /* Sources */,
				1A22A84C512E26AA86BCBF6B /* Resources */,
				580114B6C8B0A79811BD2970 /* Embed Frameworks */,
				54D45ECB6869179A7E164D08 /* Frameworks */,
			);
			buildRules = (
			);
			dependencies = (
				085B469E8C9424B3A0B7A847 /* PBXTargetDependency */,
			);
			name = JourneyBookTests;
			productName = JourneyBookTests;
			productReference = FAFA2FCC87F97F3BD636516F /* JourneyBookTests.xctest */;
			productType = "com.apple.product-type.bundle.unit-test";
		};
		CC3CBB4AC39F78A1DACAE1D0 /* JourneyBook */ = {
			isa = PBXNativeTarget;
			buildConfigurationList = 9DADB007B1B39FF437EA0004 /* Build configuration list for PBXNativeTarget "JourneyBook" */;
			buildPhases = (
				2E9A4BA2C56DEE5ECB59DD96 /* Sources */,
				2DF4C7B42D9080E740F7BEE6 /* Resources */,
				C5407CBE094DB2CE6620D697 /* Embed Frameworks */,
				FF3E8AC050CF8926198FD1A8 /* Frameworks */,
			);
			buildRules = (
			);
			dependencies = (
			);
			name = JourneyBook;
			productName = JourneyBook;
			productReference = 958043806ED70D39A48C6759 /* JourneyBook.app */;
			productType = "com.apple.product-type.application";
		};
/* End PBXNativeTarget section */

/* Begin PBXProject section */
		BDFB96508152C27FF6AE4EFF /* Project object */ = {
			isa = PBXProject;
			attributes = {
				BuildIndependentTargetsInParallel = YES;
				TargetAttributes = {
					2139D7F25BC9A92AD8137534 = {
						TestTargetID = CC3CBB4AC39F78A1DACAE1D0;
					};
				};
			};
			buildConfigurationList = 8D10051B8C5875122D88FB86 /* Build configuration list for PBXProject "JourneyBook" */;
			compatibilityVersion = "Xcode 14.0";
			developmentRegion = en;
			hasScannedForEncodings = 0;
			knownRegions = (
				Base,
				en,
			);
			mainGroup = 7581F3A2818634E996CFFBBF;
			productRefGroup = D457800E042EF33C62670B99 /* Products */;
			projectDirPath = "";
			projectRoot = "";
			targets = (
				CC3CBB4AC39F78A1DACAE1D0 /* JourneyBook */,
				2139D7F25BC9A92AD8137534 /* JourneyBookTests */,
			);
		};
/* End PBXProject section */

/* Begin PBXResourcesBuildPhase section */
		1A22A84C512E26AA86BCBF6B /* Resources */ = {
			isa = PBXResourcesBuildPhase;
			buildActionMask = 2147483647;
			files = (
			);
			runOnlyForDeploymentPostprocessing = 0;
		};
		2DF4C7B42D9080E740F7BEE6 /* Resources */ = {
			isa = PBXResourcesBuildPhase;
			buildActionMask = 2147483647;
			files = (
				79374EAEC53D5116091420F4 /* Assets.xcassets in Resources */,
				4BC2BE356CA8DAD7E98110F8 /* Preview Assets.xcassets in Resources */,
			);
			runOnlyForDeploymentPostprocessing = 0;
		};
/* End PBXResourcesBuildPhase section */

/* Begin PBXSourcesBuildPhase section */
		2E9A4BA2C56DEE5ECB59DD96 /* Sources */ = {
			isa = PBXSourcesBuildPhase;
			buildActionMask = 2147483647;
			files = (
				4BD0B433085B63AC394A5D6F /* TuistAssets+JourneyBook.swift in Sources */,
				9F2A7726E92F163B2E19052B /* TuistBundle+JourneyBook.swift in Sources */,
				18FE85792868B0B0DC69895D /* PhotoLibrarySaver.swift in Sources */,
				1B94CECCE34AFA0E5B0FD7BE /* PhotosView.swift in Sources */,
				E5FBF2FED2FB6D838C38D573 /* ProjectP301App.swift in Sources */,
			);
			runOnlyForDeploymentPostprocessing = 0;
		};
		515C9C841AB07576E20548F0 /* Sources */ = {
			isa = PBXSourcesBuildPhase;
			buildActionMask = 2147483647;
			files = (
				CCF070CF4CDFE6A7D29893BA /* ProjectP301Tests.swift in Sources */,
			);
			runOnlyForDeploymentPostprocessing = 0;
		};
/* End PBXSourcesBuildPhase section */

/* Begin PBXTargetDependency section */
		085B469E8C9424B3A0B7A847 /* PBXTargetDependency */ = {
			isa = PBXTargetDependency;
			name = JourneyBook;
			target = CC3CBB4AC39F78A1DACAE1D0 /* JourneyBook */;
			targetProxy = 0ADB0B2DBDA530AE1AF8EF90 /* PBXContainerItemProxy */;
		};
/* End PBXTargetDependency section */

/* Begin XCBuildConfiguration section */
		3340C75437D853220CEBDD29 /* Release */ = {
			isa = XCBuildConfiguration;
			buildSettings = {
				BUNDLE_LOADER = "$(TEST_HOST)";
				CODE_SIGN_IDENTITY = "iPhone Developer";
				INFOPLIST_FILE = "Derived/InfoPlists/JourneyBookTests-Info.plist";
				LD_RUNPATH_SEARCH_PATHS = (
					"$(inherited)",
					"@executable_path/Frameworks",
					"@loader_path/Frameworks",
				);
				PRODUCT_BUNDLE_IDENTIFIER = co.jackdelaney.jbTests;
				PRODUCT_NAME = JourneyBookTests;
				SDKROOT = iphoneos;
				SUPPORTS_MACCATALYST = NO;
				SUPPORTS_MAC_DESIGNED_FOR_IPHONE_IPAD = YES;
				SUPPORTS_XR_DESIGNED_FOR_IPHONE_IPAD = NO;
				SWIFT_COMPILATION_MODE = wholemodule;
				SWIFT_OPTIMIZATION_LEVEL = "-Owholemodule";
				SWIFT_VERSION = 5.0;
				TARGETED_DEVICE_FAMILY = "1,2";
				TEST_HOST = "$(BUILT_PRODUCTS_DIR)/JourneyBook.app/$(BUNDLE_EXECUTABLE_FOLDER_PATH)/JourneyBook";
				TEST_TARGET_NAME = JourneyBook;
			};
			name = Release;
		};
		41A15FDF45E661794922E5A6 /* Release */ = {
			isa = XCBuildConfiguration;
			buildSettings = {
				ALWAYS_SEARCH_USER_PATHS = NO;
				CLANG_ANALYZER_LOCALIZABILITY_NONLOCALIZED = YES;
				CLANG_ANALYZER_NONNULL = YES;
				CLANG_ANALYZER_NUMBER_OBJECT_CONVERSION = YES_AGGRESSIVE;
				CLANG_CXX_LANGUAGE_STANDARD = "gnu++14";
				CLANG_CXX_LIBRARY = "libc++";
				CLANG_ENABLE_MODULES = YES;
				CLANG_ENABLE_OBJC_ARC = YES;
				CLANG_ENABLE_OBJC_WEAK = YES;
				CLANG_WARN_BLOCK_CAPTURE_AUTORELEASING = YES;
				CLANG_WARN_BOOL_CONVERSION = YES;
				CLANG_WARN_COMMA = YES;
				CLANG_WARN_CONSTANT_CONVERSION = YES;
				CLANG_WARN_DEPRECATED_OBJC_IMPLEMENTATIONS = YES;
				CLANG_WARN_DIRECT_OBJC_ISA_USAGE = YES_ERROR;
				CLANG_WARN_DOCUMENTATION_COMMENTS = YES;
				CLANG_WARN_EMPTY_BODY = YES;
				CLANG_WARN_ENUM_CONVERSION = YES;
				CLANG_WARN_INFINITE_RECURSION = YES;
				CLANG_WARN_INT_CONVERSION = YES;
				CLANG_WARN_NON_LITERAL_NULL_CONVERSION = YES;
				CLANG_WARN_OBJC_IMPLICIT_RETAIN_SELF = YES;
				CLANG_WARN_OBJC_LITERAL_CONVERSION = YES;
				CLANG_WARN_OBJC_ROOT_CLASS = YES_ERROR;
				CLANG_WARN_QUOTED_INCLUDE_IN_FRAMEWORK_HEADER = YES;
				CLANG_WARN_RANGE_LOOP_ANALYSIS = YES;
				CLANG_WARN_STRICT_PROTOTYPES = YES;
				CLANG_WARN_SUSPICIOUS_MOVE = YES;
				CLANG_WARN_UNGUARDED_AVAILABILITY = YES_AGGRESSIVE;
				CLANG_WARN_UNREACHABLE_CODE = YES;
				CLANG_WARN__DUPLICATE_METHOD_MATCH = YES;
				COPY_PHASE_STRIP = NO;
				DEAD_CODE_STRIPPING = YES;
				DEBUG_INFORMATION_FORMAT = "dwarf-with-dsym";
				ENABLE_NS_ASSERTIONS = NO;
				ENABLE_STRICT_OBJC_MSGSEND = YES;
				GCC_C_LANGUAGE_STANDARD = gnu11;
				GCC_NO_COMMON_BLOCKS = YES;
				GCC_WARN_64_TO_32_BIT_CONVERSION = YES;
				GCC_WARN_ABOUT_RETURN_TYPE = YES_ERROR;
				GCC_WARN_UNDECLARED_SELECTOR = YES;
				GCC_WARN_UNINITIALIZED_AUTOS = YES_AGGRESSIVE;
				GCC_WARN_UNUSED_FUNCTION = YES;
				GCC_WARN_UNUSED_VARIABLE = YES;
				MTL_ENABLE_DEBUG_INFO = NO;
				PRODUCT_NAME = "$(TARGET_NAME)";
				VALIDATE_PRODUCT = YES;
			};
			name = Release;
		};
		4B54EC26AD56F62B1F821338 /* Debug */ = {
			isa = XCBuildConfiguration;
			buildSettings = {
				BUNDLE_LOADER = "$(TEST_HOST)";
				CODE_SIGN_IDENTITY = "iPhone Developer";
				INFOPLIST_FILE = "Derived/InfoPlists/JourneyBookTests-Info.plist";
				LD_RUNPATH_SEARCH_PATHS = (
					"$(inherited)",
					"@executable_path/Frameworks",
					"@loader_path/Frameworks",
				);
				PRODUCT_BUNDLE_IDENTIFIER = co.jackdelaney.jbTests;
				PRODUCT_NAME = JourneyBookTests;
				SDKROOT = iphoneos;
				SUPPORTS_MACCATALYST = NO;
				SUPPORTS_MAC_DESIGNED_FOR_IPHONE_IPAD = YES;
				SUPPORTS_XR_DESIGNED_FOR_IPHONE_IPAD = NO;
				SWIFT_ACTIVE_COMPILATION_CONDITIONS = (
					"$(inherited)",
					DEBUG,
				);
				SWIFT_COMPILATION_MODE = singlefile;
				SWIFT_OPTIMIZATION_LEVEL = "-Onone";
				SWIFT_VERSION = 5.0;
				TARGETED_DEVICE_FAMILY = "1,2";
				TEST_HOST = "$(BUILT_PRODUCTS_DIR)/JourneyBook.app/$(BUNDLE_EXECUTABLE_FOLDER_PATH)/JourneyBook";
				TEST_TARGET_NAME = JourneyBook;
			};
			name = Debug;
		};
		C1D863FDE44CCD5B9D347698 /* Debug */ = {
			isa = XCBuildConfiguration;
			buildSettings = {
				ALWAYS_SEARCH_USER_PATHS = NO;
				CLANG_ANALYZER_LOCALIZABILITY_NONLOCALIZED = YES;
				CLANG_ANALYZER_NONNULL = YES;
				CLANG_ANALYZER_NUMBER_OBJECT_CONVERSION = YES_AGGRESSIVE;
				CLANG_CXX_LANGUAGE_STANDARD = "gnu++14";
				CLANG_CXX_LIBRARY = "libc++";
				CLANG_ENABLE_MODULES = YES;
				CLANG_ENABLE_OBJC_ARC = YES;
				CLANG_ENABLE_OBJC_WEAK = YES;
				CLANG_WARN_BLOCK_CAPTURE_AUTORELEASING = YES;
				CLANG_WARN_BOOL_CONVERSION = YES;
				CLANG_WARN_COMMA = YES;
				CLANG_WARN_CONSTANT_CONVERSION = YES;
				CLANG_WARN_DEPRECATED_OBJC_IMPLEMENTATIONS = YES;
				CLANG_WARN_DIRECT_OBJC_ISA_USAGE = YES_ERROR;
				CLANG_WARN_DOCUMENTATION_COMMENTS = YES;
				CLANG_WARN_EMPTY_BODY = YES;
				CLANG_WARN_ENUM_CONVERSION = YES;
				CLANG_WARN_INFINITE_RECURSION = YES;
				CLANG_WARN_INT_CONVERSION = YES;
				CLANG_WARN_NON_LITERAL_NULL_CONVERSION = YES;
				CLANG_WARN_OBJC_IMPLICIT_RETAIN_SELF = YES;
				CLANG_WARN_OBJC_LITERAL_CONVERSION = YES;
				CLANG_WARN_OBJC_ROOT_CLASS = YES_ERROR;
				CLANG_WARN_QUOTED_INCLUDE_IN_FRAMEWORK_HEADER = YES;
				CLANG_WARN_RANGE_LOOP_ANALYSIS = YES;
				CLANG_WARN_STRICT_PROTOTYPES = YES;
				CLANG_WARN_SUSPICIOUS_MOVE = YES;
				CLANG_WARN_UNGUARDED_AVAILABILITY = YES_AGGRESSIVE;
				CLANG_WARN_UNREACHABLE_CODE = YES;
				CLANG_WARN__DUPLICATE_METHOD_MATCH = YES;
				COPY_PHASE_STRIP = NO;
				DEAD_CODE_STRIPPING = YES;
				DEBUG_INFORMATION_FORMAT = dwarf;
				ENABLE_STRICT_OBJC_MSGSEND = YES;
				ENABLE_TESTABILITY = YES;
				GCC_C_LANGUAGE_STANDARD = gnu11;
				GCC_DYNAMIC_NO_PIC = NO;
				GCC_NO_COMMON_BLOCKS = YES;
				GCC_OPTIMIZATION_LEVEL = 0;
				GCC_PREPROCESSOR_DEFINITIONS = (
					"DEBUG=1",
					"$(inherited)",
				);
				GCC_WARN_64_TO_32_BIT_CONVERSION = YES;
				GCC_WARN_ABOUT_RETURN_TYPE = YES_ERROR;
				GCC_WARN_UNDECLARED_SELECTOR = YES;
				GCC_WARN_UNINITIALIZED_AUTOS = YES_AGGRESSIVE;
				GCC_WARN_UNUSED_FUNCTION = YES;
				GCC_WARN_UNUSED_VARIABLE = YES;
				MTL_ENABLE_DEBUG_INFO = YES;
				ONLY_ACTIVE_ARCH = YES;
				PRODUCT_NAME = "$(TARGET_NAME)";
			};
			name = Debug;
		};
		C61A55C6BB432B759E69BB69 /* Release */ = {
			isa = XCBuildConfiguration;
			buildSettings = {
				ASSETCATALOG_COMPILER_APPICON_NAME = AppIcon;
				CODE_SIGN_IDENTITY = "iPhone Developer";
				ENABLE_PREVIEWS = YES;
				INFOPLIST_FILE = "Derived/InfoPlists/JourneyBook-Info.plist";
				LD_RUNPATH_SEARCH_PATHS = (
					"$(inherited)",
					"@executable_path/Frameworks",
				);
				PRODUCT_BUNDLE_IDENTIFIER = co.jackdelaney.jb;
				PRODUCT_NAME = JourneyBook;
				SDKROOT = iphoneos;
				SUPPORTS_MACCATALYST = NO;
				SUPPORTS_MAC_DESIGNED_FOR_IPHONE_IPAD = YES;
				SUPPORTS_XR_DESIGNED_FOR_IPHONE_IPAD = NO;
				SWIFT_COMPILATION_MODE = wholemodule;
				SWIFT_OPTIMIZATION_LEVEL = "-Owholemodule";
				SWIFT_VERSION = 5.0;
				TARGETED_DEVICE_FAMILY = "1,2";
			};
			name = Release;
		};
		E2699ACE9716325A712BC24C /* Debug */ = {
			isa = XCBuildConfiguration;
			buildSettings = {
				ASSETCATALOG_COMPILER_APPICON_NAME = AppIcon;
				CODE_SIGN_IDENTITY = "iPhone Developer";
				ENABLE_PREVIEWS = YES;
				INFOPLIST_FILE = "Derived/InfoPlists/JourneyBook-Info.plist";
				LD_RUNPATH_SEARCH_PATHS = (
					"$(inherited)",
					"@executable_path/Frameworks",
				);
				PRODUCT_BUNDLE_IDENTIFIER = co.jackdelaney.jb;
				PRODUCT_NAME = JourneyBook;
				SDKROOT = iphoneos;
				SUPPORTS_MACCATALYST = NO;
				SUPPORTS_MAC_DESIGNED_FOR_IPHONE_IPAD = YES;
				SUPPORTS_XR_DESIGNED_FOR_IPHONE_IPAD = NO;
				SWIFT_ACTIVE_COMPILATION_CONDITIONS = (
					"$(inherited)",
					DEBUG,
				);
				SWIFT_COMPILATION_MODE = singlefile;
				SWIFT_OPTIMIZATION_LEVEL = "-Onone";
				SWIFT_VERSION = 5.0;
				TARGETED_DEVICE_FAMILY = "1,2";
			};
			name = Debug;
		};
/* End XCBuildConfiguration section */

/* Begin XCConfigurationList section */
		0C33D5F35432B53E8DDC89E5 /* Build configuration list for PBXNativeTarget "JourneyBookTests" */ = {
			isa = XCConfigurationList;
			buildConfigurations = (
				4B54EC26AD56F62B1F821338 /* Debug */,
				3340C75437D853220CEBDD29 /* Release */,
			);
			defaultConfigurationIsVisible = 0;
			defaultConfigurationName = Release;
		};
		8D10051B8C5875122D88FB86 /* Build configuration list for PBXProject "JourneyBook" */ = {
			isa = XCConfigurationList;
			buildConfigurations = (
				C1D863FDE44CCD5B9D347698 /* Debug */,
				41A15FDF45E661794922E5A6 /* Release */,
			);
			defaultConfigurationIsVisible = 0;
			defaultConfigurationName = Release;
		};
		9DADB007B1B39FF437EA0004 /* Build configuration list for PBXNativeTarget "JourneyBook" */ = {
			isa = XCConfigurationList;
			buildConfigurations = (
				E2699ACE9716325A712BC24C /* Debug */,
				C61A55C6BB432B759E69BB69 /* Release */,
			);
			defaultConfigurationIsVisible = 0;
			defaultConfigurationName = Release;
		};
/* End XCConfigurationList section */
	};
	rootObject = BDFB96508152C27FF6AE4EFF /* Project object */;
}
